
Microsoft Visual Studio Solution File, Format Version 12.00
# Visual Studio Version 17
VisualStudioVersion = 17.8.34330.188
MinimumVisualStudioVersion = 10.0.40219.1
Project("{FAE04EC0-301F-11D3-BF4B-00C04F79EFBC}") = "dictionảy", "dictionảy.csproj", "{FE35E3DA-D142-45D1-B774-6B32894B3D02}"
EndProject
Global
	GlobalSection(SolutionConfigurationPlatforms) = preSolution
		Debug|Any CPU = Debug|Any CPU
		Release|Any CPU = Release|Any CPU
	EndGlobalSection
	GlobalSection(ProjectConfigurationPlatforms) = postSolution
		{FE35E3DA-D142-45D1-B774-6B32894B3D02}.Debug|Any CPU.ActiveCfg = Debug|Any CPU
		{FE35E3DA-D142-45D1-B774-6B32894B3D02}.Debug|Any CPU.Build.0 = Debug|Any CPU
		{FE35E3DA-D142-45D1-B774-6B32894B3D02}.Release|Any CPU.ActiveCfg = Release|Any CPU
		{FE35E3DA-D142-45D1-B774-6B32894B3D02}.Release|Any CPU.Build.0 = Release|Any CPU
	EndGlobalSection
	GlobalSection(SolutionProperties) = preSolution
		HideSolutionNode = FALSE
	EndGlobalSection
	GlobalSection(ExtensibilityGlobals) = postSolution
		SolutionGuid = {61311215-C1AA-4463-8EA2-F3718035CB19}
	EndGlobalSection
EndGlobal
