
Microsoft Visual Studio Solution File, Format Version 12.00
# Visual Studio Version 17
VisualStudioVersion = 17.8.34330.188
MinimumVisualStudioVersion = 10.0.40219.1
Project("{FAE04EC0-301F-11D3-BF4B-00C04F79EFBC}") = "bảng_cửu_chương", "bảng_cửu_chương.csproj", "{0BE52242-9317-4B18-8D78-78837B1AF03C}"
EndProject
Global
	GlobalSection(SolutionConfigurationPlatforms) = preSolution
		Debug|Any CPU = Debug|Any CPU
		Release|Any CPU = Release|Any CPU
	EndGlobalSection
	GlobalSection(ProjectConfigurationPlatforms) = postSolution
		{0BE52242-9317-4B18-8D78-78837B1AF03C}.Debug|Any CPU.ActiveCfg = Debug|Any CPU
		{0BE52242-9317-4B18-8D78-78837B1AF03C}.Debug|Any CPU.Build.0 = Debug|Any CPU
		{0BE52242-9317-4B18-8D78-78837B1AF03C}.Release|Any CPU.ActiveCfg = Release|Any CPU
		{0BE52242-9317-4B18-8D78-78837B1AF03C}.Release|Any CPU.Build.0 = Release|Any CPU
	EndGlobalSection
	GlobalSection(SolutionProperties) = preSolution
		HideSolutionNode = FALSE
	EndGlobalSection
	GlobalSection(ExtensibilityGlobals) = postSolution
		SolutionGuid = {B2C6B96D-2774-443C-9C47-FF2B8614A2B2}
	EndGlobalSection
EndGlobal
