
Microsoft Visual Studio Solution File, Format Version 12.00
# Visual Studio Version 17
VisualStudioVersion = 17.7.34302.85
MinimumVisualStudioVersion = 10.0.40219.1
Project("{FAE04EC0-301F-11D3-BF4B-00C04F79EFBC}") = "giai_thuat_sap_xep_noi_bot", "giai_thuat_sap_xep_noi_bot.csproj", "{3869D795-5D35-4242-9378-2EEDB2B6C052}"
EndProject
Global
	GlobalSection(SolutionConfigurationPlatforms) = preSolution
		Debug|Any CPU = Debug|Any CPU
		Release|Any CPU = Release|Any CPU
	EndGlobalSection
	GlobalSection(ProjectConfigurationPlatforms) = postSolution
		{3869D795-5D35-4242-9378-2EEDB2B6C052}.Debug|Any CPU.ActiveCfg = Debug|Any CPU
		{3869D795-5D35-4242-9378-2EEDB2B6C052}.Debug|Any CPU.Build.0 = Debug|Any CPU
		{3869D795-5D35-4242-9378-2EEDB2B6C052}.Release|Any CPU.ActiveCfg = Release|Any CPU
		{3869D795-5D35-4242-9378-2EEDB2B6C052}.Release|Any CPU.Build.0 = Release|Any CPU
	EndGlobalSection
	GlobalSection(SolutionProperties) = preSolution
		HideSolutionNode = FALSE
	EndGlobalSection
	GlobalSection(ExtensibilityGlobals) = postSolution
		SolutionGuid = {C0B667AB-789F-41FD-8D64-B71ECB8FE908}
	EndGlobalSection
EndGlobal
