
Microsoft Visual Studio Solution File, Format Version 12.00
# Visual Studio Version 17
VisualStudioVersion = 17.7.34302.85
MinimumVisualStudioVersion = 10.0.40219.1
Project("{FAE04EC0-301F-11D3-BF4B-00C04F79EFBC}") = "giai_thuat-sap_xep_chen", "giai_thuat-sap_xep_chen.csproj", "{E3328B3B-8B7F-4162-B903-3B1B25238F6E}"
EndProject
Global
	GlobalSection(SolutionConfigurationPlatforms) = preSolution
		Debug|Any CPU = Debug|Any CPU
		Release|Any CPU = Release|Any CPU
	EndGlobalSection
	GlobalSection(ProjectConfigurationPlatforms) = postSolution
		{E3328B3B-8B7F-4162-B903-3B1B25238F6E}.Debug|Any CPU.ActiveCfg = Debug|Any CPU
		{E3328B3B-8B7F-4162-B903-3B1B25238F6E}.Debug|Any CPU.Build.0 = Debug|Any CPU
		{E3328B3B-8B7F-4162-B903-3B1B25238F6E}.Release|Any CPU.ActiveCfg = Release|Any CPU
		{E3328B3B-8B7F-4162-B903-3B1B25238F6E}.Release|Any CPU.Build.0 = Release|Any CPU
	EndGlobalSection
	GlobalSection(SolutionProperties) = preSolution
		HideSolutionNode = FALSE
	EndGlobalSection
	GlobalSection(ExtensibilityGlobals) = postSolution
		SolutionGuid = {B89F975F-54D5-42C8-87FF-EB5214BD3276}
	EndGlobalSection
EndGlobal
