
Microsoft Visual Studio Solution File, Format Version 12.00
# Visual Studio Version 17
VisualStudioVersion = 17.7.34302.85
MinimumVisualStudioVersion = 10.0.40219.1
Project("{FAE04EC0-301F-11D3-BF4B-00C04F79EFBC}") = "tìm_kiếm_nhị_phân", "tìm_kiếm_nhị_phân.csproj", "{BD0EF419-FBAD-4FBA-B612-3641D2AC6569}"
EndProject
Global
	GlobalSection(SolutionConfigurationPlatforms) = preSolution
		Debug|Any CPU = Debug|Any CPU
		Release|Any CPU = Release|Any CPU
	EndGlobalSection
	GlobalSection(ProjectConfigurationPlatforms) = postSolution
		{BD0EF419-FBAD-4FBA-B612-3641D2AC6569}.Debug|Any CPU.ActiveCfg = Debug|Any CPU
		{BD0EF419-FBAD-4FBA-B612-3641D2AC6569}.Debug|Any CPU.Build.0 = Debug|Any CPU
		{BD0EF419-FBAD-4FBA-B612-3641D2AC6569}.Release|Any CPU.ActiveCfg = Release|Any CPU
		{BD0EF419-FBAD-4FBA-B612-3641D2AC6569}.Release|Any CPU.Build.0 = Release|Any CPU
	EndGlobalSection
	GlobalSection(SolutionProperties) = preSolution
		HideSolutionNode = FALSE
	EndGlobalSection
	GlobalSection(ExtensibilityGlobals) = postSolution
		SolutionGuid = {CDD9CAA3-EDFE-4315-BC89-4347B26A2A8C}
	EndGlobalSection
EndGlobal
