
Microsoft Visual Studio Solution File, Format Version 12.00
# Visual Studio Version 17
VisualStudioVersion = 17.8.34330.188
MinimumVisualStudioVersion = 10.0.40219.1
Project("{FAE04EC0-301F-11D3-BF4B-00C04F79EFBC}") = "đệ_quy_mảng", "đệ_quy_mảng.csproj", "{5929FF1B-ABAC-4510-8FA4-21E7C5134513}"
EndProject
Global
	GlobalSection(SolutionConfigurationPlatforms) = preSolution
		Debug|Any CPU = Debug|Any CPU
		Release|Any CPU = Release|Any CPU
	EndGlobalSection
	GlobalSection(ProjectConfigurationPlatforms) = postSolution
		{5929FF1B-ABAC-4510-8FA4-21E7C5134513}.Debug|Any CPU.ActiveCfg = Debug|Any CPU
		{5929FF1B-ABAC-4510-8FA4-21E7C5134513}.Debug|Any CPU.Build.0 = Debug|Any CPU
		{5929FF1B-ABAC-4510-8FA4-21E7C5134513}.Release|Any CPU.ActiveCfg = Release|Any CPU
		{5929FF1B-ABAC-4510-8FA4-21E7C5134513}.Release|Any CPU.Build.0 = Release|Any CPU
	EndGlobalSection
	GlobalSection(SolutionProperties) = preSolution
		HideSolutionNode = FALSE
	EndGlobalSection
	GlobalSection(ExtensibilityGlobals) = postSolution
		SolutionGuid = {D3983DB1-5BCF-4649-AF6A-B6AEA0C6CA8F}
	EndGlobalSection
EndGlobal
