
Microsoft Visual Studio Solution File, Format Version 12.00
# Visual Studio Version 17
VisualStudioVersion = 17.10.34607.79
MinimumVisualStudioVersion = 10.0.40219.1
Project("{FAE04EC0-301F-11D3-BF4B-00C04F79EFBC}") = "mang1chieutonghop", "mang1chieutonghop.csproj", "{D06EC52E-994D-48F4-9262-92880EC4FA25}"
EndProject
Global
	GlobalSection(SolutionConfigurationPlatforms) = preSolution
		Debug|Any CPU = Debug|Any CPU
		Release|Any CPU = Release|Any CPU
	EndGlobalSection
	GlobalSection(ProjectConfigurationPlatforms) = postSolution
		{D06EC52E-994D-48F4-9262-92880EC4FA25}.Debug|Any CPU.ActiveCfg = Debug|Any CPU
		{D06EC52E-994D-48F4-9262-92880EC4FA25}.Debug|Any CPU.Build.0 = Debug|Any CPU
		{D06EC52E-994D-48F4-9262-92880EC4FA25}.Release|Any CPU.ActiveCfg = Release|Any CPU
		{D06EC52E-994D-48F4-9262-92880EC4FA25}.Release|Any CPU.Build.0 = Release|Any CPU
	EndGlobalSection
	GlobalSection(SolutionProperties) = preSolution
		HideSolutionNode = FALSE
	EndGlobalSection
	GlobalSection(ExtensibilityGlobals) = postSolution
		SolutionGuid = {EDCF0F04-676C-4BA9-92CA-2E9125A8A425}
	EndGlobalSection
EndGlobal
