
Microsoft Visual Studio Solution File, Format Version 12.00
# Visual Studio Version 17
VisualStudioVersion = 17.8.34330.188
MinimumVisualStudioVersion = 10.0.40219.1
Project("{FAE04EC0-301F-11D3-BF4B-00C04F79EFBC}") = "số_đặc_biệt", "số_đặc_biệt.csproj", "{67DBFC7B-CCAC-4898-AD4A-8E430AFDFF90}"
EndProject
Global
	GlobalSection(SolutionConfigurationPlatforms) = preSolution
		Debug|Any CPU = Debug|Any CPU
		Release|Any CPU = Release|Any CPU
	EndGlobalSection
	GlobalSection(ProjectConfigurationPlatforms) = postSolution
		{67DBFC7B-CCAC-4898-AD4A-8E430AFDFF90}.Debug|Any CPU.ActiveCfg = Debug|Any CPU
		{67DBFC7B-CCAC-4898-AD4A-8E430AFDFF90}.Debug|Any CPU.Build.0 = Debug|Any CPU
		{67DBFC7B-CCAC-4898-AD4A-8E430AFDFF90}.Release|Any CPU.ActiveCfg = Release|Any CPU
		{67DBFC7B-CCAC-4898-AD4A-8E430AFDFF90}.Release|Any CPU.Build.0 = Release|Any CPU
	EndGlobalSection
	GlobalSection(SolutionProperties) = preSolution
		HideSolutionNode = FALSE
	EndGlobalSection
	GlobalSection(ExtensibilityGlobals) = postSolution
		SolutionGuid = {9EB921B8-DB82-4686-AD91-07FE3861EC1E}
	EndGlobalSection
EndGlobal
