
Microsoft Visual Studio Solution File, Format Version 12.00
# Visual Studio Version 17
VisualStudioVersion = 17.8.34511.84
MinimumVisualStudioVersion = 10.0.40219.1
Project("{FAE04EC0-301F-11D3-BF4B-00C04F79EFBC}") = "list _generic", "list _generic.csproj", "{6075A166-938C-4EED-93E7-9B1F288CB5BA}"
EndProject
Global
	GlobalSection(SolutionConfigurationPlatforms) = preSolution
		Debug|Any CPU = Debug|Any CPU
		Release|Any CPU = Release|Any CPU
	EndGlobalSection
	GlobalSection(ProjectConfigurationPlatforms) = postSolution
		{6075A166-938C-4EED-93E7-9B1F288CB5BA}.Debug|Any CPU.ActiveCfg = Debug|Any CPU
		{6075A166-938C-4EED-93E7-9B1F288CB5BA}.Debug|Any CPU.Build.0 = Debug|Any CPU
		{6075A166-938C-4EED-93E7-9B1F288CB5BA}.Release|Any CPU.ActiveCfg = Release|Any CPU
		{6075A166-938C-4EED-93E7-9B1F288CB5BA}.Release|Any CPU.Build.0 = Release|Any CPU
	EndGlobalSection
	GlobalSection(SolutionProperties) = preSolution
		HideSolutionNode = FALSE
	EndGlobalSection
	GlobalSection(ExtensibilityGlobals) = postSolution
		SolutionGuid = {7818875F-D5AC-4605-BC59-7D7D9579E87E}
	EndGlobalSection
EndGlobal
