
Microsoft Visual Studio Solution File, Format Version 12.00
# Visual Studio Version 17
VisualStudioVersion = 17.7.34202.233
MinimumVisualStudioVersion = 10.0.40219.1
Project("{FAE04EC0-301F-11D3-BF4B-00C04F79EFBC}") = "de_quy_fi_bo_na_cci", "de_quy_fi_bo_na_cci.csproj", "{84F6D236-70B2-4977-B352-EA4334BFAF89}"
EndProject
Global
	GlobalSection(SolutionConfigurationPlatforms) = preSolution
		Debug|Any CPU = Debug|Any CPU
		Release|Any CPU = Release|Any CPU
	EndGlobalSection
	GlobalSection(ProjectConfigurationPlatforms) = postSolution
		{84F6D236-70B2-4977-B352-EA4334BFAF89}.Debug|Any CPU.ActiveCfg = Debug|Any CPU
		{84F6D236-70B2-4977-B352-EA4334BFAF89}.Debug|Any CPU.Build.0 = Debug|Any CPU
		{84F6D236-70B2-4977-B352-EA4334BFAF89}.Release|Any CPU.ActiveCfg = Release|Any CPU
		{84F6D236-70B2-4977-B352-EA4334BFAF89}.Release|Any CPU.Build.0 = Release|Any CPU
	EndGlobalSection
	GlobalSection(SolutionProperties) = preSolution
		HideSolutionNode = FALSE
	EndGlobalSection
	GlobalSection(ExtensibilityGlobals) = postSolution
		SolutionGuid = {0DE0E9AD-9D42-4FBC-8678-B988AAA57785}
	EndGlobalSection
EndGlobal
