
Microsoft Visual Studio Solution File, Format Version 12.00
# Visual Studio Version 17
VisualStudioVersion = 17.7.34202.233
MinimumVisualStudioVersion = 10.0.40219.1
Project("{FAE04EC0-301F-11D3-BF4B-00C04F79EFBC}") = "struct_lv2", "struct_lv2.csproj", "{5E9C5B8F-C08C-4434-B55C-161BF2C92F6B}"
EndProject
Global
	GlobalSection(SolutionConfigurationPlatforms) = preSolution
		Debug|Any CPU = Debug|Any CPU
		Release|Any CPU = Release|Any CPU
	EndGlobalSection
	GlobalSection(ProjectConfigurationPlatforms) = postSolution
		{5E9C5B8F-C08C-4434-B55C-161BF2C92F6B}.Debug|Any CPU.ActiveCfg = Debug|Any CPU
		{5E9C5B8F-C08C-4434-B55C-161BF2C92F6B}.Debug|Any CPU.Build.0 = Debug|Any CPU
		{5E9C5B8F-C08C-4434-B55C-161BF2C92F6B}.Release|Any CPU.ActiveCfg = Release|Any CPU
		{5E9C5B8F-C08C-4434-B55C-161BF2C92F6B}.Release|Any CPU.Build.0 = Release|Any CPU
	EndGlobalSection
	GlobalSection(SolutionProperties) = preSolution
		HideSolutionNode = FALSE
	EndGlobalSection
	GlobalSection(ExtensibilityGlobals) = postSolution
		SolutionGuid = {C23004CD-8BE1-4BD8-A68C-E7CD73F3E7F8}
	EndGlobalSection
EndGlobal
